version = 1
requires-python = ">=3.13"

[[package]]
name = "anyio"
version = "4.8.0"
source = { registry = "https://pypi.org/simple" }
dependencies = [
    { name = "idna" },
    { name = "sniffio" },
]
sdist = { url = "https://files.pythonhosted.org/packages/a3/73/199a98fc2dae33535d6b8e8e6ec01f8c1d76c9adb096c6b7d64823038cde/anyio-4.8.0.tar.gz", hash = "sha256:1d9fe889df5212298c0c0723fa20479d1b94883a2df44bd3897aa91083316f7a", size = 181126 }
wheels = [
    { url = "https://files.pythonhosted.org/packages/46/eb/e7f063ad1fec6b3178a3cd82d1a3c4de82cccf283fc42746168188e1cdd5/anyio-4.8.0-py3-none-any.whl", hash = "sha256:b5011f270ab5eb0abf13385f851315585cc37ef330dd88e27ec3d34d651fd47a", size = 96041 },
]

[[package]]
name = "certifi"
version = "2024.12.14"
source = { registry = "https://pypi.org/simple" }
sdist = { url = "https://files.pythonhosted.org/packages/0f/bd/1d41ee578ce09523c81a15426705dd20969f5abf006d1afe8aeff0dd776a/certifi-2024.12.14.tar.gz", hash = "sha256:b650d30f370c2b724812bee08008be0c4163b163ddaec3f2546c1caf65f191db", size = 166010 }
wheels = [
    { url = "https://files.pythonhosted.org/packages/a5/32/8f6669fc4798494966bf446c8c4a162e0b5d893dff088afddf76414f70e1/certifi-2024.12.14-py3-none-any.whl", hash = "sha256:1275f7a45be9464efc1173084eaa30f866fe2e47d389406136d332ed4967ec56", size = 164927 },
]

[[package]]
name = "h11"
version = "0.14.0"
source = { registry = "https://pypi.org/simple" }
sdist = { url = "https://files.pythonhosted.org/packages/f5/38/3af3d3633a34a3316095b39c8e8fb4853a28a536e55d347bd8d8e9a14b03/h11-0.14.0.tar.gz", hash = "sha256:8f19fbbe99e72420ff35c00b27a34cb9937e902a8b810e2c88300c6f0a3b699d", size = 100418 }
wheels = [
    { url = "https://files.pythonhosted.org/packages/95/04/ff642e65ad6b90db43e668d70ffb6736436c7ce41fcc549f4e9472234127/h11-0.14.0-py3-none-any.whl", hash = "sha256:e3fe4ac4b851c468cc8363d500db52c2ead036020723024a109d37346efaa761", size = 58259 },
]

[[package]]
name = "httpcore"
version = "1.0.7"
source = { registry = "https://pypi.org/simple" }
dependencies = [
    { name = "certifi" },
    { name = "h11" },
]
sdist = { url = "https://files.pythonhosted.org/packages/6a/41/d7d0a89eb493922c37d343b607bc1b5da7f5be7e383740b4753ad8943e90/httpcore-1.0.7.tar.gz", hash = "sha256:8551cb62a169ec7162ac7be8d4817d561f60e08eaa485234898414bb5a8a0b4c", size = 85196 }
wheels = [
    { url = "https://files.pythonhosted.org/packages/87/f5/72347bc88306acb359581ac4d52f23c0ef445b57157adedb9aee0cd689d2/httpcore-1.0.7-py3-none-any.whl", hash = "sha256:a3fff8f43dc260d5bd363d9f9cf1830fa3a458b332856f34282de498ed420edd", size = 78551 },
]

[[package]]
name = "httpx"
version = "0.28.1"
source = { registry = "https://pypi.org/simple" }
dependencies = [
    { name = "anyio" },
    { name = "certifi" },
    { name = "httpcore" },
    { name = "idna" },
]
sdist = { url = "https://files.pythonhosted.org/packages/b1/df/48c586a5fe32a0f01324ee087459e112ebb7224f646c0b5023f5e79e9956/httpx-0.28.1.tar.gz", hash = "sha256:75e98c5f16b0f35b567856f597f06ff2270a374470a5c2392242528e3e3e42fc", size = 141406 }
wheels = [
    { url = "https://files.pythonhosted.org/packages/2a/39/e50c7c3a983047577ee07d2a9e53faf5a69493943ec3f6a384bdc792deb2/httpx-0.28.1-py3-none-any.whl", hash = "sha256:d909fcccc110f8c7faf814ca82a9a4d816bc5a6dbfea25d6591d6985b8ba59ad", size = 73517 },
]

[[package]]
name = "idna"
version = "3.10"
source = { registry = "https://pypi.org/simple" }
sdist = { url = "https://files.pythonhosted.org/packages/f1/70/7703c29685631f5a7590aa73f1f1d3fa9a380e654b86af429e0934a32f7d/idna-3.10.tar.gz", hash = "sha256:12f65c9b470abda6dc35cf8e63cc574b1c52b11df2c86030af0ac09b01b13ea9", size = 190490 }
wheels = [
    { url = "https://files.pythonhosted.org/packages/76/c6/c88e154df9c4e1a2a66ccf0005a88dfb2650c1dffb6f5ce603dfbd452ce3/idna-3.10-py3-none-any.whl", hash = "sha256:946d195a0d259cbba61165e88e65941f16e9b36ea6ddb97f00452bae8b1287d3", size = 70442 },
]

[[package]]
name = "modrinth-mods-checker"
version = "0.1.0"
source = { virtual = "." }
dependencies = [
    { name = "httpx" },
    { name = "orjson" },
    { name = "polars" },
    { name = "regex" },
]

[package.metadata]
requires-dist = [
    { name = "httpx", specifier = ">=0.28.1" },
    { name = "orjson", specifier = ">=3.10.14" },
    { name = "polars", specifier = ">=1.19.0" },
    { name = "regex", specifier = ">=2024.11.6" },
]

[[package]]
name = "orjson"
version = "3.10.14"
source = { registry = "https://pypi.org/simple" }
sdist = { url = "https://files.pythonhosted.org/packages/92/f7/3219b56f47b4f5e864fb11cdf4ac0aaa3de608730ad2dc4c6e16382f35ec/orjson-3.10.14.tar.gz", hash = "sha256:cf31f6f071a6b8e7aa1ead1fa27b935b48d00fbfa6a28ce856cfff2d5dd68eed", size = 5282116 }
wheels = [
    { url = "https://files.pythonhosted.org/packages/46/bb/f1b037d89f580c79eda0940772384cc226a697be1cb4eb94ae4e792aa34c/orjson-3.10.14-cp313-cp313-macosx_10_15_x86_64.macosx_11_0_arm64.macosx_10_15_universal2.whl", hash = "sha256:0905ca08a10f7e0e0c97d11359609300eb1437490a7f32bbaa349de757e2e0c7", size = 249333 },
    { url = "https://files.pythonhosted.org/packages/e4/72/12958a073cace3f8acef0f9a30739d95f46bbb1544126fecad11527d4508/orjson-3.10.14-cp313-cp313-manylinux_2_17_aarch64.manylinux2014_aarch64.whl", hash = "sha256:92d13292249f9f2a3e418cbc307a9fbbef043c65f4bd8ba1eb620bc2aaba3d15", size = 125038 },
    { url = "https://files.pythonhosted.org/packages/c0/ae/461f78b1c98de1bc034af88bc21c6a792cc63373261fbc10a6ee560814fa/orjson-3.10.14-cp313-cp313-manylinux_2_17_x86_64.manylinux2014_x86_64.whl", hash = "sha256:90937664e776ad316d64251e2fa2ad69265e4443067668e4727074fe39676414", size = 130604 },
    { url = "https://files.pythonhosted.org/packages/ae/d2/17f50513f56bff7898840fddf7fb88f501305b9b2605d2793ff224789665/orjson-3.10.14-cp313-cp313-musllinux_1_2_aarch64.whl", hash = "sha256:9ed3d26c4cb4f6babaf791aa46a029265850e80ec2a566581f5c2ee1a14df4f1", size = 130756 },
    { url = "https://files.pythonhosted.org/packages/fa/bc/673856e4af94c9890dfd8e2054c05dc2ddc16d1728c2aa0c5bd198943105/orjson-3.10.14-cp313-cp313-musllinux_1_2_armv7l.whl", hash = "sha256:56ee546c2bbe9599aba78169f99d1dc33301853e897dbaf642d654248280dc6e", size = 414613 },
    { url = "https://files.pythonhosted.org/packages/09/01/08c5b69b0756dd1790fcffa569d6a28dedcd7b97f825e4b46537b788908c/orjson-3.10.14-cp313-cp313-musllinux_1_2_i686.whl", hash = "sha256:901e826cb2f1bdc1fcef3ef59adf0c451e8f7c0b5deb26c1a933fb66fb505eae", size = 141010 },
    { url = "https://files.pythonhosted.org/packages/5b/98/72883bb6cf88fd364996e62d2026622ca79bfb8dbaf96ccdd2018ada25b1/orjson-3.10.14-cp313-cp313-musllinux_1_2_x86_64.whl", hash = "sha256:26336c0d4b2d44636e1e1e6ed1002f03c6aae4a8a9329561c8883f135e9ff010", size = 129732 },
    { url = "https://files.pythonhosted.org/packages/e4/99/347418f7ef56dcb478ba131a6112b8ddd5b747942652b6e77a53155a7e21/orjson-3.10.14-cp313-cp313-win32.whl", hash = "sha256:e2bc525e335a8545c4e48f84dd0328bc46158c9aaeb8a1c2276546e94540ea3d", size = 142504 },
    { url = "https://files.pythonhosted.org/packages/59/ac/5e96cad01083015f7bfdb02ccafa489da8e6caa7f4c519e215f04d2bd856/orjson-3.10.14-cp313-cp313-win_amd64.whl", hash = "sha256:eca04dfd792cedad53dc9a917da1a522486255360cb4e77619343a20d9f35364", size = 133388 },
]

[[package]]
name = "polars"
version = "1.19.0"
source = { registry = "https://pypi.org/simple" }
sdist = { url = "https://files.pythonhosted.org/packages/26/d9/66ada2204483c4c4d83898ade77eacd5fbef26ae4975a0d7d5de134ca46a/polars-1.19.0.tar.gz", hash = "sha256:b52ada5c43fcdadf64f282522198c5549ee4e46ea57d236a4d7e572643070d9d", size = 4267947 }
wheels = [
    { url = "https://files.pythonhosted.org/packages/c0/7d/e8645281281d44d96752443366ceef2df76c9c1e17dce040111abb6a4a12/polars-1.19.0-cp39-abi3-macosx_10_12_x86_64.whl", hash = "sha256:51c01837268a1aa41785e60ed7d3363d4b52f652ab0eef4981f887bdfa2e9ca7", size = 29472039 },
    { url = "https://files.pythonhosted.org/packages/d7/fb/7e5054598d6bb7a47e4ca086797bae61270f7d570350cf779dd97384d913/polars-1.19.0-cp39-abi3-macosx_11_0_arm64.whl", hash = "sha256:20f8235e810f6ee795d7a215a3560945e6a1b57d017f87ba0c8542dced1fc665", size = 26150541 },
    { url = "https://files.pythonhosted.org/packages/ba/ba/6d715730c28b035abd308fc2cf0fcbae0cedea6216797e83ce4a9a96c6d4/polars-1.19.0-cp39-abi3-manylinux_2_17_x86_64.manylinux2014_x86_64.whl", hash = "sha256:be0ea51f7b3553652bf0d53f3b925e969a898d4feb9980acecf8e3037d696903", size = 32751173 },
    { url = "https://files.pythonhosted.org/packages/ea/9a/bee8ab37ab82b8eea75170afa3b37ea7e1df74e4c4da8f6c93b3009977fd/polars-1.19.0-cp39-abi3-manylinux_2_24_aarch64.whl", hash = "sha256:30305ef4e1b634c67a5d985832296fade9908482c5b1abb0100800808b2d090e", size = 29704437 },
    { url = "https://files.pythonhosted.org/packages/57/ec/74afa5699e37e03e3acc7f241f4e2c3e8c91847524005424d9cf038b3034/polars-1.19.0-cp39-abi3-win_amd64.whl", hash = "sha256:de4aa45e24f8f94a1da9cc6031a7db6fa65ac7de8246fac0bc581ebb427d0643", size = 32846039 },
    { url = "https://files.pythonhosted.org/packages/cf/5b/c6f6c70ddc9d3070dee65f4640437cb84ccb4cca04f7a81b01db15329ae3/polars-1.19.0-cp39-abi3-win_arm64.whl", hash = "sha256:d7ca7aeb63fa22c0a00f6cfa95dd5252c249e83dd4d1b954583a59f97a8e407b", size = 29029208 },
]

[[package]]
name = "regex"
version = "2024.11.6"
source = { registry = "https://pypi.org/simple" }
sdist = { url = "https://files.pythonhosted.org/packages/8e/5f/bd69653fbfb76cf8604468d3b4ec4c403197144c7bfe0e6a5fc9e02a07cb/regex-2024.11.6.tar.gz", hash = "sha256:7ab159b063c52a0333c884e4679f8d7a85112ee3078fe3d9004b2dd875585519", size = 399494 }
wheels = [
    { url = "https://files.pythonhosted.org/packages/90/73/bcb0e36614601016552fa9344544a3a2ae1809dc1401b100eab02e772e1f/regex-2024.11.6-cp313-cp313-macosx_10_13_universal2.whl", hash = "sha256:a6ba92c0bcdf96cbf43a12c717eae4bc98325ca3730f6b130ffa2e3c3c723d84", size = 483525 },
    { url = "https://files.pythonhosted.org/packages/0f/3f/f1a082a46b31e25291d830b369b6b0c5576a6f7fb89d3053a354c24b8a83/regex-2024.11.6-cp313-cp313-macosx_10_13_x86_64.whl", hash = "sha256:525eab0b789891ac3be914d36893bdf972d483fe66551f79d3e27146191a37d4", size = 288324 },
    { url = "https://files.pythonhosted.org/packages/09/c9/4e68181a4a652fb3ef5099e077faf4fd2a694ea6e0f806a7737aff9e758a/regex-2024.11.6-cp313-cp313-macosx_11_0_arm64.whl", hash = "sha256:086a27a0b4ca227941700e0b31425e7a28ef1ae8e5e05a33826e17e47fbfdba0", size = 284617 },
    { url = "https://files.pythonhosted.org/packages/fc/fd/37868b75eaf63843165f1d2122ca6cb94bfc0271e4428cf58c0616786dce/regex-2024.11.6-cp313-cp313-manylinux_2_17_aarch64.manylinux2014_aarch64.whl", hash = "sha256:bde01f35767c4a7899b7eb6e823b125a64de314a8ee9791367c9a34d56af18d0", size = 795023 },
    { url = "https://files.pythonhosted.org/packages/c4/7c/d4cd9c528502a3dedb5c13c146e7a7a539a3853dc20209c8e75d9ba9d1b2/regex-2024.11.6-cp313-cp313-manylinux_2_17_ppc64le.manylinux2014_ppc64le.whl", hash = "sha256:b583904576650166b3d920d2bcce13971f6f9e9a396c673187f49811b2769dc7", size = 833072 },
    { url = "https://files.pythonhosted.org/packages/4f/db/46f563a08f969159c5a0f0e722260568425363bea43bb7ae370becb66a67/regex-2024.11.6-cp313-cp313-manylinux_2_17_s390x.manylinux2014_s390x.whl", hash = "sha256:1c4de13f06a0d54fa0d5ab1b7138bfa0d883220965a29616e3ea61b35d5f5fc7", size = 823130 },
    { url = "https://files.pythonhosted.org/packages/db/60/1eeca2074f5b87df394fccaa432ae3fc06c9c9bfa97c5051aed70e6e00c2/regex-2024.11.6-cp313-cp313-manylinux_2_17_x86_64.manylinux2014_x86_64.whl", hash = "sha256:3cde6e9f2580eb1665965ce9bf17ff4952f34f5b126beb509fee8f4e994f143c", size = 796857 },
    { url = "https://files.pythonhosted.org/packages/10/db/ac718a08fcee981554d2f7bb8402f1faa7e868c1345c16ab1ebec54b0d7b/regex-2024.11.6-cp313-cp313-manylinux_2_5_i686.manylinux1_i686.manylinux_2_17_i686.manylinux2014_i686.whl", hash = "sha256:0d7f453dca13f40a02b79636a339c5b62b670141e63efd511d3f8f73fba162b3", size = 784006 },
    { url = "https://files.pythonhosted.org/packages/c2/41/7da3fe70216cea93144bf12da2b87367590bcf07db97604edeea55dac9ad/regex-2024.11.6-cp313-cp313-musllinux_1_2_aarch64.whl", hash = "sha256:59dfe1ed21aea057a65c6b586afd2a945de04fc7db3de0a6e3ed5397ad491b07", size = 781650 },
    { url = "https://files.pythonhosted.org/packages/a7/d5/880921ee4eec393a4752e6ab9f0fe28009435417c3102fc413f3fe81c4e5/regex-2024.11.6-cp313-cp313-musllinux_1_2_i686.whl", hash = "sha256:b97c1e0bd37c5cd7902e65f410779d39eeda155800b65fc4d04cc432efa9bc6e", size = 789545 },
    { url = "https://files.pythonhosted.org/packages/dc/96/53770115e507081122beca8899ab7f5ae28ae790bfcc82b5e38976df6a77/regex-2024.11.6-cp313-cp313-musllinux_1_2_ppc64le.whl", hash = "sha256:f9d1e379028e0fc2ae3654bac3cbbef81bf3fd571272a42d56c24007979bafb6", size = 853045 },
    { url = "https://files.pythonhosted.org/packages/31/d3/1372add5251cc2d44b451bd94f43b2ec78e15a6e82bff6a290ef9fd8f00a/regex-2024.11.6-cp313-cp313-musllinux_1_2_s390x.whl", hash = "sha256:13291b39131e2d002a7940fb176e120bec5145f3aeb7621be6534e46251912c4", size = 860182 },
    { url = "https://files.pythonhosted.org/packages/ed/e3/c446a64984ea9f69982ba1a69d4658d5014bc7a0ea468a07e1a1265db6e2/regex-2024.11.6-cp313-cp313-musllinux_1_2_x86_64.whl", hash = "sha256:4f51f88c126370dcec4908576c5a627220da6c09d0bff31cfa89f2523843316d", size = 787733 },
    { url = "https://files.pythonhosted.org/packages/2b/f1/e40c8373e3480e4f29f2692bd21b3e05f296d3afebc7e5dcf21b9756ca1c/regex-2024.11.6-cp313-cp313-win32.whl", hash = "sha256:63b13cfd72e9601125027202cad74995ab26921d8cd935c25f09c630436348ff", size = 262122 },
    { url = "https://files.pythonhosted.org/packages/45/94/bc295babb3062a731f52621cdc992d123111282e291abaf23faa413443ea/regex-2024.11.6-cp313-cp313-win_amd64.whl", hash = "sha256:2b3361af3198667e99927da8b84c1b010752fa4b1115ee30beaa332cabc3ef1a", size = 273545 },
]

[[package]]
name = "sniffio"
version = "1.3.1"
source = { registry = "https://pypi.org/simple" }
sdist = { url = "https://files.pythonhosted.org/packages/a2/87/a6771e1546d97e7e041b6ae58d80074f81b7d5121207425c964ddf5cfdbd/sniffio-1.3.1.tar.gz", hash = "sha256:f4324edc670a0f49750a81b895f35c3adb843cca46f0530f79fc1babb23789dc", size = 20372 }
wheels = [
    { url = "https://files.pythonhosted.org/packages/e9/44/75a9c9421471a6c4805dbf2356f7c181a29c1879239abab1ea2cc8f38b40/sniffio-1.3.1-py3-none-any.whl", hash = "sha256:2f6da418d1f1e0fddd844478f41680e794e6051915791a034ff65e5f100525a2", size = 10235 },
]
